
Microsoft Visual Studio Solution File, Format Version 12.00
# Visual Studio Version 16
VisualStudioVersion = 16.0.29326.143
MinimumVisualStudioVersion = 10.0.40219.1
Project("{FAE04EC0-301F-11D3-BF4B-00C04F79EFBC}") = "1._first project", "1._first project\1._first project.csproj", "{F6D50D6E-50B1-47EB-A59F-2B84EEDBF09A}"
EndProject
Global
	GlobalSection(SolutionConfigurationPlatforms) = preSolution
		Debug|Any CPU = Debug|Any CPU
		Release|Any CPU = Release|Any CPU
	EndGlobalSection
	GlobalSection(ProjectConfigurationPlatforms) = postSolution
		{F6D50D6E-50B1-47EB-A59F-2B84EEDBF09A}.Debug|Any CPU.ActiveCfg = Debug|Any CPU
		{F6D50D6E-50B1-47EB-A59F-2B84EEDBF09A}.Debug|Any CPU.Build.0 = Debug|Any CPU
		{F6D50D6E-50B1-47EB-A59F-2B84EEDBF09A}.Release|Any CPU.ActiveCfg = Release|Any CPU
		{F6D50D6E-50B1-47EB-A59F-2B84EEDBF09A}.Release|Any CPU.Build.0 = Release|Any CPU
	EndGlobalSection
	GlobalSection(SolutionProperties) = preSolution
		HideSolutionNode = FALSE
	EndGlobalSection
	GlobalSection(ExtensibilityGlobals) = postSolution
		SolutionGuid = {F51183B7-30CE-4EF8-97F0-02F83107701C}
	EndGlobalSection
EndGlobal
